
Microsoft Visual Studio Solution File, Format Version 12.00
# Visual Studio 15
VisualStudioVersion = 15.0.28307.168
MinimumVisualStudioVersion = 10.0.40219.1
Project("{9A19103F-16F7-4668-BE54-9A1E7A4F7556}") = "4-29 EFImages", "4-29 EFImages\4-29 EFImages.csproj", "{6DE8439D-D12E-4E20-8A94-84D8FD21FEBF}"
EndProject
Project("{FAE04EC0-301F-11D3-BF4B-00C04F79EFBC}") = "4-29 EFImages.data2", "4-29 EFImages.data2\4-29 EFImages.data2.csproj", "{9369DEA8-2932-43D3-BE15-B01DC9EA4D7A}"
EndProject
Global
	GlobalSection(SolutionConfigurationPlatforms) = preSolution
		Debug|Any CPU = Debug|Any CPU
		Release|Any CPU = Release|Any CPU
	EndGlobalSection
	GlobalSection(ProjectConfigurationPlatforms) = postSolution
		{6DE8439D-D12E-4E20-8A94-84D8FD21FEBF}.Debug|Any CPU.ActiveCfg = Debug|Any CPU
		{6DE8439D-D12E-4E20-8A94-84D8FD21FEBF}.Debug|Any CPU.Build.0 = Debug|Any CPU
		{6DE8439D-D12E-4E20-8A94-84D8FD21FEBF}.Release|Any CPU.ActiveCfg = Release|Any CPU
		{6DE8439D-D12E-4E20-8A94-84D8FD21FEBF}.Release|Any CPU.Build.0 = Release|Any CPU
		{9369DEA8-2932-43D3-BE15-B01DC9EA4D7A}.Debug|Any CPU.ActiveCfg = Debug|Any CPU
		{9369DEA8-2932-43D3-BE15-B01DC9EA4D7A}.Debug|Any CPU.Build.0 = Debug|Any CPU
		{9369DEA8-2932-43D3-BE15-B01DC9EA4D7A}.Release|Any CPU.ActiveCfg = Release|Any CPU
		{9369DEA8-2932-43D3-BE15-B01DC9EA4D7A}.Release|Any CPU.Build.0 = Release|Any CPU
	EndGlobalSection
	GlobalSection(SolutionProperties) = preSolution
		HideSolutionNode = FALSE
	EndGlobalSection
	GlobalSection(ExtensibilityGlobals) = postSolution
		SolutionGuid = {8D072A94-BA7F-48DF-B46B-E4416869F794}
	EndGlobalSection
EndGlobal
